// !$*UTF8*$!
{
	archiveVersion = 1;
	classes = {
	};
	objectVersion = 46;
	objects = {

/* Begin PBXBuildFile section */
		E363F3201C83DF8F001D083D /* main.m in Sources */ = {isa = PBXBuildFile; fileRef = E363F31F1C83DF8F001D083D /* main.m */; };
		E363F3231C83DF8F001D083D /* AppDelegate.m in Sources */ = {isa = PBXBuildFile; fileRef = E363F3221C83DF8F001D083D /* AppDelegate.m */; };
		E363F3261C83DF8F001D083D /* ViewController.m in Sources */ = {isa = PBXBuildFile; fileRef = E363F3251C83DF8F001D083D /* ViewController.m */; };
		E363F3291C83DF8F001D083D /* Main.storyboard in Resources */ = {isa = PBXBuildFile; fileRef = E363F3271C83DF8F001D083D /* Main.storyboard */; };
		E363F32B1C83DF8F001D083D /* Assets.xcassets in Resources */ = {isa = PBXBuildFile; fileRef = E363F32A1C83DF8F001D083D /* Assets.xcassets */; };
		E363F32E1C83DF8F001D083D /* LaunchScreen.storyboard in Resources */ = {isa = PBXBuildFile; fileRef = E363F32C1C83DF8F001D083D /* LaunchScreen.storyboard */; };
/* End PBXBuildFile section */

/* Begin PBXFileReference section */
		E363F31B1C83DF8F001D083D /* AppPay.app */ = {isa = PBXFileReference; explicitFileType = wrapper.application; includeInIndex = 0; path = AppPay.app; sourceTree = BUILT_PRODUCTS_DIR; };
		E363F31F1C83DF8F001D083D /* main.m */ = {isa = PBXFileReference; lastKnownFileType = sourcecode.c.objc; path = main.m; sourceTree = "<group>"; };
		E363F3211C83DF8F001D083D /* AppDelegate.h */ = {isa = PBXFileReference; lastKnownFileType = sourcecode.c.h; path = AppDelegate.h; sourceTree = "<group>"; };
		E363F3221C83DF8F001D083D /* AppDelegate.m */ = {isa = PBXFileReference; lastKnownFileType = sourcecode.c.objc; path = AppDelegate.m; sourceTree = "<group>"; };
		E363F3241C83DF8F001D083D /* ViewController.h */ = {isa = PBXFileReference; lastKnownFileType = sourcecode.c.h; path = ViewController.h; sourceTree = "<group>"; };
		E363F3251C83DF8F001D083D /* ViewController.m */ = {isa = PBXFileReference; lastKnownFileType = sourcecode.c.objc; path = ViewController.m; sourceTree = "<group>"; };
		E363F3281C83DF8F001D083D /* Base */ = {isa = PBXFileReference; lastKnownFileType = file.storyboard; name = Base; path = Base.lproj/Main.storyboard; sourceTree = "<group>"; };
		E363F32A1C83DF8F001D083D /* Assets.xcassets */ = {isa = PBXFileReference; lastKnownFileType = folder.assetcatalog; path = Assets.xcassets; sourceTree = "<group>"; };
		E363F32D1C83DF8F001D083D /* Base */ = {isa = PBXFileReference; lastKnownFileType = file.storyboard; name = Base; path = Base.lproj/LaunchScreen.storyboard; sourceTree = "<group>"; };
		E363F32F1C83DF8F001D083D /* Info.plist */ = {isa = PBXFileReference; lastKnownFileType = text.plist.xml; path = Info.plist; sourceTree = "<group>"; };
		E363F3351C83DFA9001D083D /* AppPay.entitlements */ = {isa = PBXFileReference; lastKnownFileType = text.xml; path = AppPay.entitlements; sourceTree = "<group>"; };
/* End PBXFileReference section */

/* Begin PBXFrameworksBuildPhase section */
		E363F3181C83DF8F001D083D /* Frameworks */ = {
			isa = PBXFrameworksBuildPhase;
			buildActionMask = 2147483647;
			files = (
			);
			runOnlyForDeploymentPostprocessing = 0;
		};
/* End PBXFrameworksBuildPhase section */

/* Begin PBXGroup section */
		E363F3121C83DF8F001D083D = {
			isa = PBXGroup;
			children = (
				E363F31D1C83DF8F001D083D /* AppPay */,
				E363F31C1C83DF8F001D083D /* Products */,
			);
			sourceTree = "<group>";
		};
		E363F31C1C83DF8F001D083D /* Products */ = {
			isa = PBXGroup;
			children = (
				E363F31B1C83DF8F001D083D /* AppPay.app */,
			);
			name = Products;
			sourceTree = "<group>";
		};
		E363F31D1C83DF8F001D083D /* AppPay */ = {
			isa = PBXGroup;
			children = (
				E363F3351C83DFA9001D083D /* AppPay.entitlements */,
				E363F3211C83DF8F001D083D /* AppDelegate.h */,
				E363F3221C83DF8F001D083D /* AppDelegate.m */,
				E363F3241C83DF8F001D083D /* ViewController.h */,
				E363F3251C83DF8F001D083D /* ViewController.m */,
				E363F3271C83DF8F001D083D /* Main.storyboard */,
				E363F32A1C83DF8F001D083D /* Assets.xcassets */,
				E363F32C1C83DF8F001D083D /* LaunchScreen.storyboard */,
				E363F32F1C83DF8F001D083D /* Info.plist */,
				E363F31E1C83DF8F001D083D /* Supporting Files */,
			);
			path = AppPay;
			sourceTree = "<group>";
		};
		E363F31E1C83DF8F001D083D /* Supporting Files */ = {
			isa = PBXGroup;
			children = (
				E363F31F1C83DF8F001D083D /* main.m */,
			);
			name = "Supporting Files";
			sourceTree = "<group>";
		};
/* End PBXGroup section */

/* Begin PBXNativeTarget section */
		E363F31A1C83DF8F001D083D /* AppPay */ = {
			isa = PBXNativeTarget;
			buildConfigurationList = E363F3321C83DF8F001D083D /* Build configuration list for PBXNativeTarget "AppPay" */;
			buildPhases = (
				E363F3171C83DF8F001D083D /* Sources */,
				E363F3181C83DF8F001D083D /* Frameworks */,
				E363F3191C83DF8F001D083D /* Resources */,
			);
			buildRules = (
			);
			dependencies = (
			);
			name = AppPay;
			productName = AppPay;
			productReference = E363F31B1C83DF8F001D083D /* AppPay.app */;
			productType = "com.apple.product-type.application";
		};
/* End PBXNativeTarget section */

/* Begin PBXProject section */
		E363F3131C83DF8F001D083D /* Project object */ = {
			isa = PBXProject;
			attributes = {
				LastUpgradeCheck = 0720;
				ORGANIZATIONNAME = XDBB;
				TargetAttributes = {
					E363F31A1C83DF8F001D083D = {
						CreatedOnToolsVersion = 7.2;
						DevelopmentTeam = HTPX8WMR4A;
						SystemCapabilities = {
							com.apple.OMC = {
								enabled = 1;
							};
						};
					};
				};
			};
			buildConfigurationList = E363F3161C83DF8F001D083D /* Build configuration list for PBXProject "AppPay" */;
			compatibilityVersion = "Xcode 3.2";
			developmentRegion = English;
			hasScannedForEncodings = 0;
			knownRegions = (
				en,
				Base,
			);
			mainGroup = E363F3121C83DF8F001D083D;
			productRefGroup = E363F31C1C83DF8F001D083D /* Products */;
			projectDirPath = "";
			projectRoot = "";
			targets = (
				E363F31A1C83DF8F001D083D /* AppPay */,
			);
		};
/* End PBXProject section */

/* Begin PBXResourcesBuildPhase section */
		E363F3191C83DF8F001D083D /* Resources */ = {
			isa = PBXResourcesBuildPhase;
			buildActionMask = 2147483647;
			files = (
				E363F32E1C83DF8F001D083D /* LaunchScreen.storyboard in Resources */,
				E363F32B1C83DF8F001D083D /* Assets.xcassets in Resources */,
				E363F3291C83DF8F001D083D /* Main.storyboard in Resources */,
			);
			runOnlyForDeploymentPostprocessing = 0;
		};
/* End PBXResourcesBuildPhase section */

/* Begin PBXSourcesBuildPhase section */
		E363F3171C83DF8F001D083D /* Sources */ = {
			isa = PBXSourcesBuildPhase;
			buildActionMask = 2147483647;
			files = (
				E363F3261C83DF8F001D083D /* ViewController.m in Sources */,
				E363F3231C83DF8F001D083D /* AppDelegate.m in Sources */,
				E363F3201C83DF8F001D083D /* main.m in Sources */,
			);
			runOnlyForDeploymentPostprocessing = 0;
		};
/* End PBXSourcesBuildPhase section */

/* Begin PBXVariantGroup section */
		E363F3271C83DF8F001D083D /* Main.storyboard */ = {
			isa = PBXVariantGroup;
			children = (
				E363F3281C83DF8F001D083D /* Base */,
			);
			name = Main.storyboard;
			sourceTree = "<group>";
		};
		E363F32C1C83DF8F001D083D /* LaunchScreen.storyboard */ = {
			isa = PBXVariantGroup;
			children = (
				E363F32D1C83DF8F001D083D /* Base */,
			);
			name = LaunchScreen.storyboard;
			sourceTree = "<group>";
		};
/* End PBXVariantGroup section */

/* Begin XCBuildConfiguration section */
		E363F3301C83DF8F001D083D /* Debug */ = {
			isa = XCBuildConfiguration;
			buildSettings = {
				ALWAYS_SEARCH_USER_PATHS = NO;
				CLANG_CXX_LANGUAGE_STANDARD = "gnu++0x";
				CLANG_CXX_LIBRARY = "libc++";
				CLANG_ENABLE_MODULES = YES;
				CLANG_ENABLE_OBJC_ARC = YES;
				CLANG_WARN_BOOL_CONVERSION = YES;
				CLANG_WARN_CONSTANT_CONVERSION = YES;
				CLANG_WARN_DIRECT_OBJC_ISA_USAGE = YES_ERROR;
				CLANG_WARN_EMPTY_BODY = YES;
				CLANG_WARN_ENUM_CONVERSION = YES;
				CLANG_WARN_INT_CONVERSION = YES;
				CLANG_WARN_OBJC_ROOT_CLASS = YES_ERROR;
				CLANG_WARN_UNREACHABLE_CODE = YES;
				CLANG_WARN__DUPLICATE_METHOD_MATCH = YES;
				"CODE_SIGN_IDENTITY[sdk=iphoneos*]" = "iPhone Developer";
				COPY_PHASE_STRIP = NO;
				DEBUG_INFORMATION_FORMAT = dwarf;
				ENABLE_STRICT_OBJC_MSGSEND = YES;
				ENABLE_TESTABILITY = YES;
				GCC_C_LANGUAGE_STANDARD = gnu99;
				GCC_DYNAMIC_NO_PIC = NO;
				GCC_NO_COMMON_BLOCKS = YES;
				GCC_OPTIMIZATION_LEVEL = 0;
				GCC_PREPROCESSOR_DEFINITIONS = (
					"DEBUG=1",
					"$(inherited)",
				);
				GCC_WARN_64_TO_32_BIT_CONVERSION = YES;
				GCC_WARN_ABOUT_RETURN_TYPE = YES_ERROR;
				GCC_WARN_UNDECLARED_SELECTOR = YES;
				GCC_WARN_UNINITIALIZED_AUTOS = YES_AGGRESSIVE;
				GCC_WARN_UNUSED_FUNCTION = YES;
				GCC_WARN_UNUSED_VARIABLE = YES;
				IPHONEOS_DEPLOYMENT_TARGET = 9.2;
				MTL_ENABLE_DEBUG_INFO = YES;
				ONLY_ACTIVE_ARCH = YES;
				SDKROOT = iphoneos;
			};
			name = Debug;
		};
		E363F3311C83DF8F001D083D /* Release */ = {
			isa = XCBuildConfiguration;
			buildSettings = {
				ALWAYS_SEARCH_USER_PATHS = NO;
				CLANG_CXX_LANGUAGE_STANDARD = "gnu++0x";
				CLANG_CXX_LIBRARY = "libc++";
				CLANG_ENABLE_MODULES = YES;
				CLANG_ENABLE_OBJC_ARC = YES;
				CLANG_WARN_BOOL_CONVERSION = YES;
				CLANG_WARN_CONSTANT_CONVERSION = YES;
				CLANG_WARN_DIRECT_OBJC_ISA_USAGE = YES_ERROR;
				CLANG_WARN_EMPTY_BODY = YES;
				CLANG_WARN_ENUM_CONVERSION = YES;
				CLANG_WARN_INT_CONVERSION = YES;
				CLANG_WARN_OBJC_ROOT_CLASS = YES_ERROR;
				CLANG_WARN_UNREACHABLE_CODE = YES;
				CLANG_WARN__DUPLICATE_METHOD_MATCH = YES;
				"CODE_SIGN_IDENTITY[sdk=iphoneos*]" = "iPhone Developer";
				COPY_PHASE_STRIP = NO;
				DEBUG_INFORMATION_FORMAT = "dwarf-with-dsym";
				ENABLE_NS_ASSERTIONS = NO;
				ENABLE_STRICT_OBJC_MSGSEND = YES;
				GCC_C_LANGUAGE_STANDARD = gnu99;
				GCC_NO_COMMON_BLOCKS = YES;
				GCC_WARN_64_TO_32_BIT_CONVERSION = YES;
				GCC_WARN_ABOUT_RETURN_TYPE = YES_ERROR;
				GCC_WARN_UNDECLARED_SELECTOR = YES;
				GCC_WARN_UNINITIALIZED_AUTOS = YES_AGGRESSIVE;
				GCC_WARN_UNUSED_FUNCTION = YES;
				GCC_WARN_UNUSED_VARIABLE = YES;
				IPHONEOS_DEPLOYMENT_TARGET = 9.2;
				MTL_ENABLE_DEBUG_INFO = NO;
				SDKROOT = iphoneos;
				VALIDATE_PRODUCT = YES;
			};
			name = Release;
		};
		E363F3331C83DF8F001D083D /* Debug */ = {
			isa = XCBuildConfiguration;
			buildSettings = {
				ASSETCATALOG_COMPILER_APPICON_NAME = AppIcon;
				CODE_SIGN_ENTITLEMENTS = AppPay/AppPay.entitlements;
				CODE_SIGN_IDENTITY = "iPhone Developer";
				"CODE_SIGN_IDENTITY[sdk=iphoneos*]" = "iPhone Developer";
				INFOPLIST_FILE = AppPay/Info.plist;
				LD_RUNPATH_SEARCH_PATHS = "$(inherited) @executable_path/Frameworks";
				PRODUCT_BUNDLE_IDENTIFIER = com.liyuhan.Example.AppPay;
				PRODUCT_NAME = "$(TARGET_NAME)";
				PROVISIONING_PROFILE = "";
			};
			name = Debug;
		};
		E363F3341C83DF8F001D083D /* Release */ = {
			isa = XCBuildConfiguration;
			buildSettings = {
				ASSETCATALOG_COMPILER_APPICON_NAME = AppIcon;
				CODE_SIGN_ENTITLEMENTS = AppPay/AppPay.entitlements;
				CODE_SIGN_IDENTITY = "iPhone Developer";
				"CODE_SIGN_IDENTITY[sdk=iphoneos*]" = "iPhone Developer";
				INFOPLIST_FILE = AppPay/Info.plist;
				LD_RUNPATH_SEARCH_PATHS = "$(inherited) @executable_path/Frameworks";
				PRODUCT_BUNDLE_IDENTIFIER = com.liyuhan.Example.AppPay;
				PRODUCT_NAME = "$(TARGET_NAME)";
				PROVISIONING_PROFILE = "";
			};
			name = Release;
		};
/* End XCBuildConfiguration section */

/* Begin XCConfigurationList section */
		E363F3161C83DF8F001D083D /* Build configuration list for PBXProject "AppPay" */ = {
			isa = XCConfigurationList;
			buildConfigurations = (
				E363F3301C83DF8F001D083D /* Debug */,
				E363F3311C83DF8F001D083D /* Release */,
			);
			defaultConfigurationIsVisible = 0;
			defaultConfigurationName = Release;
		};
		E363F3321C83DF8F001D083D /* Build configuration list for PBXNativeTarget "AppPay" */ = {
			isa = XCConfigurationList;
			buildConfigurations = (
				E363F3331C83DF8F001D083D /* Debug */,
				E363F3341C83DF8F001D083D /* Release */,
			);
			defaultConfigurationIsVisible = 0;
		};
/* End XCConfigurationList section */
	};
	rootObject = E363F3131C83DF8F001D083D /* Project object */;
}
